<Solution Description="Visual Studio slnx file generated by Premake" Version="1.4">
  <Configurations>
    <BuildType Name="Debug" />
    <BuildType Name="Dist" />
    <BuildType Name="Release" />
    <Platform Name="x64" />
  </Configurations>
  <Project Path="Shiryu.Launcher\Shiryu.Launcher.vcxproj" Id="C95C082D-35E8-75F1-3EF9-F8E5AA03D2F1" DefaultStartup="true">
  </Project>
  <Folder Name="/Core/">
    <Project Path="ShiryuTeam\ShiryuTeam.vcxproj" Id="1065CD28-FC1C-0F76-6524-E8D151FBA966">
    </Project>
    <Project Path="ShiryuTeam-Modules\ShiryuTeam-Networking\ShiryuTeam-Networking.vcxproj" Id="A579B584-11E6-707F-DAD9-08DD460593E7">
    </Project>
  </Folder>
  <Folder Name="/Dependencies/">
    <Project Path="vendor\glfw\GLFW.vcxproj" Id="154B857C-0182-860D-AA6E-6C109684020F">
    </Project>
    <Project Path="vendor\imgui\ImGui.vcxproj" Id="C0FF640D-2C14-8DBE-F595-301E616989EF">
    </Project>
    <Project Path="vendor\yaml-cpp\yaml-cpp.vcxproj" Id="88F1A057-74BE-FB62-9DD7-E90A890331F1">
    </Project>
  </Folder>
</Solution>